{
  "name": "projectActions",
  "version": "2.0.0",
  "lockfileVersion": 2,
  "requires": true,
  "packages": {
    "": {
      "name": "projectActions",
      "version": "2.0.0",
      "license": "Apache-2.0",
      "dependencies": {
        "aws-ddb-client-extra": "^1.1.1",
        "uuid": "^8.3.2"
      }
    },
    "node_modules/aws-ddb-client-extra": {
      "version": "1.1.1",
      "resolved": "https://registry.npmjs.org/aws-ddb-client-extra/-/aws-ddb-client-extra-1.1.1.tgz",
      "integrity": "sha512-nPE4viQTk0pMgZeGirtHaTrCFvu1AUxjeLU5Jkw++4OgJFTrV9Uoncc30Y5KMylA4ALgIcRPNRS5bbTGTTLwUg==",
      "license": "ISC"
    },
    "node_modules/uuid": {
      "version": "8.3.2",
      "resolved": "https://registry.npmjs.org/uuid/-/uuid-8.3.2.tgz",
      "integrity": "sha512-+NYs2QeMWy+GWFOEm9xnn6HCDp0l7QBD7ml8zLUmJ+93Q5NF0NocErnwkTkXVFNiX3/fpC6afS8Dhb/gz7R7eg==",
      "bin": {
        "uuid": "dist/bin/uuid"
      }
    }
  },
  "dependencies": {
    "aws-ddb-client-extra": {
      "version": "1.1.1",
      "resolved": "https://registry.npmjs.org/aws-ddb-client-extra/-/aws-ddb-client-extra-1.1.1.tgz",
      "integrity": "sha512-nPE4viQTk0pMgZeGirtHaTrCFvu1AUxjeLU5Jkw++4OgJFTrV9Uoncc30Y5KMylA4ALgIcRPNRS5bbTGTTLwUg=="
    },
    "uuid": {
      "version": "8.3.2",
      "resolved": "https://registry.npmjs.org/uuid/-/uuid-8.3.2.tgz",
      "integrity": "sha512-+NYs2QeMWy+GWFOEm9xnn6HCDp0l7QBD7ml8zLUmJ+93Q5NF0NocErnwkTkXVFNiX3/fpC6afS8Dhb/gz7R7eg=="
    }
  }
}
